// !$*UTF8*$!
{
	archiveVersion = 1;
	classes = {
	};
	objectVersion = 46;
	objects = {

/* Begin PBXBuildFile section */
		447408E31D39BB6E005A5267 /* main.m in Sources */ = {isa = PBXBuildFile; fileRef = 447408E21D39BB6E005A5267 /* main.m */; };
		447408E61D39BB6E005A5267 /* AppDelegate.m in Sources */ = {isa = PBXBuildFile; fileRef = 447408E51D39BB6E005A5267 /* AppDelegate.m */; };
		447408E91D39BB6E005A5267 /* ViewController.m in Sources */ = {isa = PBXBuildFile; fileRef = 447408E81D39BB6E005A5267 /* ViewController.m */; };
		447408EC1D39BB6E005A5267 /* Main.storyboard in Resources */ = {isa = PBXBuildFile; fileRef = 447408EA1D39BB6E005A5267 /* Main.storyboard */; };
		447408EE1D39BB6E005A5267 /* Assets.xcassets in Resources */ = {isa = PBXBuildFile; fileRef = 447408ED1D39BB6E005A5267 /* Assets.xcassets */; };
		447408F11D39BB6E005A5267 /* LaunchScreen.storyboard in Resources */ = {isa = PBXBuildFile; fileRef = 447408EF1D39BB6E005A5267 /* LaunchScreen.storyboard */; };
		447408FC1D39BB6E005A5267 /* FDCacheDemoTests.m in Sources */ = {isa = PBXBuildFile; fileRef = 447408FB1D39BB6E005A5267 /* FDCacheDemoTests.m */; };
		447409071D39BB6E005A5267 /* FDCacheDemoUITests.m in Sources */ = {isa = PBXBuildFile; fileRef = 447409061D39BB6E005A5267 /* FDCacheDemoUITests.m */; };
/* End PBXBuildFile section */

/* Begin PBXContainerItemProxy section */
		447408F81D39BB6E005A5267 /* PBXContainerItemProxy */ = {
			isa = PBXContainerItemProxy;
			containerPortal = 447408D61D39BB6E005A5267 /* Project object */;
			proxyType = 1;
			remoteGlobalIDString = 447408DD1D39BB6E005A5267;
			remoteInfo = FDCacheDemo;
		};
		447409031D39BB6E005A5267 /* PBXContainerItemProxy */ = {
			isa = PBXContainerItemProxy;
			containerPortal = 447408D61D39BB6E005A5267 /* Project object */;
			proxyType = 1;
			remoteGlobalIDString = 447408DD1D39BB6E005A5267;
			remoteInfo = FDCacheDemo;
		};
/* End PBXContainerItemProxy section */

/* Begin PBXFileReference section */
		447408DE1D39BB6E005A5267 /* FDCacheDemo.app */ = {isa = PBXFileReference; explicitFileType = wrapper.application; includeInIndex = 0; path = FDCacheDemo.app; sourceTree = BUILT_PRODUCTS_DIR; };
		447408E21D39BB6E005A5267 /* main.m */ = {isa = PBXFileReference; lastKnownFileType = sourcecode.c.objc; path = main.m; sourceTree = "<group>"; };
		447408E41D39BB6E005A5267 /* AppDelegate.h */ = {isa = PBXFileReference; lastKnownFileType = sourcecode.c.h; path = AppDelegate.h; sourceTree = "<group>"; };
		447408E51D39BB6E005A5267 /* AppDelegate.m */ = {isa = PBXFileReference; lastKnownFileType = sourcecode.c.objc; path = AppDelegate.m; sourceTree = "<group>"; };
		447408E71D39BB6E005A5267 /* ViewController.h */ = {isa = PBXFileReference; lastKnownFileType = sourcecode.c.h; path = ViewController.h; sourceTree = "<group>"; };
		447408E81D39BB6E005A5267 /* ViewController.m */ = {isa = PBXFileReference; lastKnownFileType = sourcecode.c.objc; path = ViewController.m; sourceTree = "<group>"; };
		447408EB1D39BB6E005A5267 /* Base */ = {isa = PBXFileReference; lastKnownFileType = file.storyboard; name = Base; path = Base.lproj/Main.storyboard; sourceTree = "<group>"; };
		447408ED1D39BB6E005A5267 /* Assets.xcassets */ = {isa = PBXFileReference; lastKnownFileType = folder.assetcatalog; path = Assets.xcassets; sourceTree = "<group>"; };
		447408F01D39BB6E005A5267 /* Base */ = {isa = PBXFileReference; lastKnownFileType = file.storyboard; name = Base; path = Base.lproj/LaunchScreen.storyboard; sourceTree = "<group>"; };
		447408F21D39BB6E005A5267 /* Info.plist */ = {isa = PBXFileReference; lastKnownFileType = text.plist.xml; path = Info.plist; sourceTree = "<group>"; };
		447408F71D39BB6E005A5267 /* FDCacheDemoTests.xctest */ = {isa = PBXFileReference; explicitFileType = wrapper.cfbundle; includeInIndex = 0; path = FDCacheDemoTests.xctest; sourceTree = BUILT_PRODUCTS_DIR; };
		447408FB1D39BB6E005A5267 /* FDCacheDemoTests.m */ = {isa = PBXFileReference; lastKnownFileType = sourcecode.c.objc; path = FDCacheDemoTests.m; sourceTree = "<group>"; };
		447408FD1D39BB6E005A5267 /* Info.plist */ = {isa = PBXFileReference; lastKnownFileType = text.plist.xml; path = Info.plist; sourceTree = "<group>"; };
		447409021D39BB6E005A5267 /* FDCacheDemoUITests.xctest */ = {isa = PBXFileReference; explicitFileType = wrapper.cfbundle; includeInIndex = 0; path = FDCacheDemoUITests.xctest; sourceTree = BUILT_PRODUCTS_DIR; };
		447409061D39BB6E005A5267 /* FDCacheDemoUITests.m */ = {isa = PBXFileReference; lastKnownFileType = sourcecode.c.objc; path = FDCacheDemoUITests.m; sourceTree = "<group>"; };
		447409081D39BB6E005A5267 /* Info.plist */ = {isa = PBXFileReference; lastKnownFileType = text.plist.xml; path = Info.plist; sourceTree = "<group>"; };
/* End PBXFileReference section */

/* Begin PBXFrameworksBuildPhase section */
		447408DB1D39BB6E005A5267 /* Frameworks */ = {
			isa = PBXFrameworksBuildPhase;
			buildActionMask = 2147483647;
			files = (
			);
			runOnlyForDeploymentPostprocessing = 0;
		};
		447408F41D39BB6E005A5267 /* Frameworks */ = {
			isa = PBXFrameworksBuildPhase;
			buildActionMask = 2147483647;
			files = (
			);
			runOnlyForDeploymentPostprocessing = 0;
		};
		447408FF1D39BB6E005A5267 /* Frameworks */ = {
			isa = PBXFrameworksBuildPhase;
			buildActionMask = 2147483647;
			files = (
			);
			runOnlyForDeploymentPostprocessing = 0;
		};
/* End PBXFrameworksBuildPhase section */

/* Begin PBXGroup section */
		447408D51D39BB6E005A5267 = {
			isa = PBXGroup;
			children = (
				447408E01D39BB6E005A5267 /* FDCacheDemo */,
				447408FA1D39BB6E005A5267 /* FDCacheDemoTests */,
				447409051D39BB6E005A5267 /* FDCacheDemoUITests */,
				447408DF1D39BB6E005A5267 /* Products */,
			);
			sourceTree = "<group>";
		};
		447408DF1D39BB6E005A5267 /* Products */ = {
			isa = PBXGroup;
			children = (
				447408DE1D39BB6E005A5267 /* FDCacheDemo.app */,
				447408F71D39BB6E005A5267 /* FDCacheDemoTests.xctest */,
				447409021D39BB6E005A5267 /* FDCacheDemoUITests.xctest */,
			);
			name = Products;
			sourceTree = "<group>";
		};
		447408E01D39BB6E005A5267 /* FDCacheDemo */ = {
			isa = PBXGroup;
			children = (
				447408E41D39BB6E005A5267 /* AppDelegate.h */,
				447408E51D39BB6E005A5267 /* AppDelegate.m */,
				447408E71D39BB6E005A5267 /* ViewController.h */,
				447408E81D39BB6E005A5267 /* ViewController.m */,
				447408EA1D39BB6E005A5267 /* Main.storyboard */,
				447408ED1D39BB6E005A5267 /* Assets.xcassets */,
				447408EF1D39BB6E005A5267 /* LaunchScreen.storyboard */,
				447408F21D39BB6E005A5267 /* Info.plist */,
				447408E11D39BB6E005A5267 /* Supporting Files */,
			);
			path = FDCacheDemo;
			sourceTree = "<group>";
		};
		447408E11D39BB6E005A5267 /* Supporting Files */ = {
			isa = PBXGroup;
			children = (
				447408E21D39BB6E005A5267 /* main.m */,
			);
			name = "Supporting Files";
			sourceTree = "<group>";
		};
		447408FA1D39BB6E005A5267 /* FDCacheDemoTests */ = {
			isa = PBXGroup;
			children = (
				447408FB1D39BB6E005A5267 /* FDCacheDemoTests.m */,
				447408FD1D39BB6E005A5267 /* Info.plist */,
			);
			path = FDCacheDemoTests;
			sourceTree = "<group>";
		};
		447409051D39BB6E005A5267 /* FDCacheDemoUITests */ = {
			isa = PBXGroup;
			children = (
				447409061D39BB6E005A5267 /* FDCacheDemoUITests.m */,
				447409081D39BB6E005A5267 /* Info.plist */,
			);
			path = FDCacheDemoUITests;
			sourceTree = "<group>";
		};
/* End PBXGroup section */

/* Begin PBXNativeTarget section */
		447408DD1D39BB6E005A5267 /* FDCacheDemo */ = {
			isa = PBXNativeTarget;
			buildConfigurationList = 4474090B1D39BB6E005A5267 /* Build configuration list for PBXNativeTarget "FDCacheDemo" */;
			buildPhases = (
				447408DA1D39BB6E005A5267 /* Sources */,
				447408DB1D39BB6E005A5267 /* Frameworks */,
				447408DC1D39BB6E005A5267 /* Resources */,
			);
			buildRules = (
			);
			dependencies = (
			);
			name = FDCacheDemo;
			productName = FDCacheDemo;
			productReference = 447408DE1D39BB6E005A5267 /* FDCacheDemo.app */;
			productType = "com.apple.product-type.application";
		};
		447408F61D39BB6E005A5267 /* FDCacheDemoTests */ = {
			isa = PBXNativeTarget;
			buildConfigurationList = 4474090E1D39BB6E005A5267 /* Build configuration list for PBXNativeTarget "FDCacheDemoTests" */;
			buildPhases = (
				447408F31D39BB6E005A5267 /* Sources */,
				447408F41D39BB6E005A5267 /* Frameworks */,
				447408F51D39BB6E005A5267 /* Resources */,
			);
			buildRules = (
			);
			dependencies = (
				447408F91D39BB6E005A5267 /* PBXTargetDependency */,
			);
			name = FDCacheDemoTests;
			productName = FDCacheDemoTests;
			productReference = 447408F71D39BB6E005A5267 /* FDCacheDemoTests.xctest */;
			productType = "com.apple.product-type.bundle.unit-test";
		};
		447409011D39BB6E005A5267 /* FDCacheDemoUITests */ = {
			isa = PBXNativeTarget;
			buildConfigurationList = 447409111D39BB6E005A5267 /* Build configuration list for PBXNativeTarget "FDCacheDemoUITests" */;
			buildPhases = (
				447408FE1D39BB6E005A5267 /* Sources */,
				447408FF1D39BB6E005A5267 /* Frameworks */,
				447409001D39BB6E005A5267 /* Resources */,
			);
			buildRules = (
			);
			dependencies = (
				447409041D39BB6E005A5267 /* PBXTargetDependency */,
			);
			name = FDCacheDemoUITests;
			productName = FDCacheDemoUITests;
			productReference = 447409021D39BB6E005A5267 /* FDCacheDemoUITests.xctest */;
			productType = "com.apple.product-type.bundle.ui-testing";
		};
/* End PBXNativeTarget section */

/* Begin PBXProject section */
		447408D61D39BB6E005A5267 /* Project object */ = {
			isa = PBXProject;
			attributes = {
				LastUpgradeCheck = 0730;
				ORGANIZATIONNAME = chaowei;
				TargetAttributes = {
					447408DD1D39BB6E005A5267 = {
						CreatedOnToolsVersion = 7.3.1;
					};
					447408F61D39BB6E005A5267 = {
						CreatedOnToolsVersion = 7.3.1;
						TestTargetID = 447408DD1D39BB6E005A5267;
					};
					447409011D39BB6E005A5267 = {
						CreatedOnToolsVersion = 7.3.1;
						TestTargetID = 447408DD1D39BB6E005A5267;
					};
				};
			};
			buildConfigurationList = 447408D91D39BB6E005A5267 /* Build configuration list for PBXProject "FDCacheDemo" */;
			compatibilityVersion = "Xcode 3.2";
			developmentRegion = English;
			hasScannedForEncodings = 0;
			knownRegions = (
				en,
				Base,
			);
			mainGroup = 447408D51D39BB6E005A5267;
			productRefGroup = 447408DF1D39BB6E005A5267 /* Products */;
			projectDirPath = "";
			projectRoot = "";
			targets = (
				447408DD1D39BB6E005A5267 /* FDCacheDemo */,
				447408F61D39BB6E005A5267 /* FDCacheDemoTests */,
				447409011D39BB6E005A5267 /* FDCacheDemoUITests */,
			);
		};
/* End PBXProject section */

/* Begin PBXResourcesBuildPhase section */
		447408DC1D39BB6E005A5267 /* Resources */ = {
			isa = PBXResourcesBuildPhase;
			buildActionMask = 2147483647;
			files = (
				447408F11D39BB6E005A5267 /* LaunchScreen.storyboard in Resources */,
				447408EE1D39BB6E005A5267 /* Assets.xcassets in Resources */,
				447408EC1D39BB6E005A5267 /* Main.storyboard in Resources */,
			);
			runOnlyForDeploymentPostprocessing = 0;
		};
		447408F51D39BB6E005A5267 /* Resources */ = {
			isa = PBXResourcesBuildPhase;
			buildActionMask = 2147483647;
			files = (
			);
			runOnlyForDeploymentPostprocessing = 0;
		};
		447409001D39BB6E005A5267 /* Resources */ = {
			isa = PBXResourcesBuildPhase;
			buildActionMask = 2147483647;
			files = (
			);
			runOnlyForDeploymentPostprocessing = 0;
		};
/* End PBXResourcesBuildPhase section */

/* Begin PBXSourcesBuildPhase section */
		447408DA1D39BB6E005A5267 /* Sources */ = {
			isa = PBXSourcesBuildPhase;
			buildActionMask = 2147483647;
			files = (
				447408E91D39BB6E005A5267 /* ViewController.m in Sources */,
				447408E61D39BB6E005A5267 /* AppDelegate.m in Sources */,
				447408E31D39BB6E005A5267 /* main.m in Sources */,
			);
			runOnlyForDeploymentPostprocessing = 0;
		};
		447408F31D39BB6E005A5267 /* Sources */ = {
			isa = PBXSourcesBuildPhase;
			buildActionMask = 2147483647;
			files = (
				447408FC1D39BB6E005A5267 /* FDCacheDemoTests.m in Sources */,
			);
			runOnlyForDeploymentPostprocessing = 0;
		};
		447408FE1D39BB6E005A5267 /* Sources */ = {
			isa = PBXSourcesBuildPhase;
			buildActionMask = 2147483647;
			files = (
				447409071D39BB6E005A5267 /* FDCacheDemoUITests.m in Sources */,
			);
			runOnlyForDeploymentPostprocessing = 0;
		};
/* End PBXSourcesBuildPhase section */

/* Begin PBXTargetDependency section */
		447408F91D39BB6E005A5267 /* PBXTargetDependency */ = {
			isa = PBXTargetDependency;
			target = 447408DD1D39BB6E005A5267 /* FDCacheDemo */;
			targetProxy = 447408F81D39BB6E005A5267 /* PBXContainerItemProxy */;
		};
		447409041D39BB6E005A5267 /* PBXTargetDependency */ = {
			isa = PBXTargetDependency;
			target = 447408DD1D39BB6E005A5267 /* FDCacheDemo */;
			targetProxy = 447409031D39BB6E005A5267 /* PBXContainerItemProxy */;
		};
/* End PBXTargetDependency section */

/* Begin PBXVariantGroup section */
		447408EA1D39BB6E005A5267 /* Main.storyboard */ = {
			isa = PBXVariantGroup;
			children = (
				447408EB1D39BB6E005A5267 /* Base */,
			);
			name = Main.storyboard;
			sourceTree = "<group>";
		};
		447408EF1D39BB6E005A5267 /* LaunchScreen.storyboard */ = {
			isa = PBXVariantGroup;
			children = (
				447408F01D39BB6E005A5267 /* Base */,
			);
			name = LaunchScreen.storyboard;
			sourceTree = "<group>";
		};
/* End PBXVariantGroup section */

/* Begin XCBuildConfiguration section */
		447409091D39BB6E005A5267 /* Debug */ = {
			isa = XCBuildConfiguration;
			buildSettings = {
				ALWAYS_SEARCH_USER_PATHS = NO;
				CLANG_ANALYZER_NONNULL = YES;
				CLANG_CXX_LANGUAGE_STANDARD = "gnu++0x";
				CLANG_CXX_LIBRARY = "libc++";
				CLANG_ENABLE_MODULES = YES;
				CLANG_ENABLE_OBJC_ARC = YES;
				CLANG_WARN_BOOL_CONVERSION = YES;
				CLANG_WARN_CONSTANT_CONVERSION = YES;
				CLANG_WARN_DIRECT_OBJC_ISA_USAGE = YES_ERROR;
				CLANG_WARN_EMPTY_BODY = YES;
				CLANG_WARN_ENUM_CONVERSION = YES;
				CLANG_WARN_INT_CONVERSION = YES;
				CLANG_WARN_OBJC_ROOT_CLASS = YES_ERROR;
				CLANG_WARN_UNREACHABLE_CODE = YES;
				CLANG_WARN__DUPLICATE_METHOD_MATCH = YES;
				"CODE_SIGN_IDENTITY[sdk=iphoneos*]" = "iPhone Developer";
				COPY_PHASE_STRIP = NO;
				DEBUG_INFORMATION_FORMAT = dwarf;
				ENABLE_STRICT_OBJC_MSGSEND = YES;
				ENABLE_TESTABILITY = YES;
				GCC_C_LANGUAGE_STANDARD = gnu99;
				GCC_DYNAMIC_NO_PIC = NO;
				GCC_NO_COMMON_BLOCKS = YES;
				GCC_OPTIMIZATION_LEVEL = 0;
				GCC_PREPROCESSOR_DEFINITIONS = (
					"DEBUG=1",
					"$(inherited)",
				);
				GCC_WARN_64_TO_32_BIT_CONVERSION = YES;
				GCC_WARN_ABOUT_RETURN_TYPE = YES_ERROR;
				GCC_WARN_UNDECLARED_SELECTOR = YES;
				GCC_WARN_UNINITIALIZED_AUTOS = YES_AGGRESSIVE;
				GCC_WARN_UNUSED_FUNCTION = YES;
				GCC_WARN_UNUSED_VARIABLE = YES;
				IPHONEOS_DEPLOYMENT_TARGET = 9.3;
				MTL_ENABLE_DEBUG_INFO = YES;
				ONLY_ACTIVE_ARCH = YES;
				SDKROOT = iphoneos;
				TARGETED_DEVICE_FAMILY = "1,2";
			};
			name = Debug;
		};
		4474090A1D39BB6E005A5267 /* Release */ = {
			isa = XCBuildConfiguration;
			buildSettings = {
				ALWAYS_SEARCH_USER_PATHS = NO;
				CLANG_ANALYZER_NONNULL = YES;
				CLANG_CXX_LANGUAGE_STANDARD = "gnu++0x";
				CLANG_CXX_LIBRARY = "libc++";
				CLANG_ENABLE_MODULES = YES;
				CLANG_ENABLE_OBJC_ARC = YES;
				CLANG_WARN_BOOL_CONVERSION = YES;
				CLANG_WARN_CONSTANT_CONVERSION = YES;
				CLANG_WARN_DIRECT_OBJC_ISA_USAGE = YES_ERROR;
				CLANG_WARN_EMPTY_BODY = YES;
				CLANG_WARN_ENUM_CONVERSION = YES;
				CLANG_WARN_INT_CONVERSION = YES;
				CLANG_WARN_OBJC_ROOT_CLASS = YES_ERROR;
				CLANG_WARN_UNREACHABLE_CODE = YES;
				CLANG_WARN__DUPLICATE_METHOD_MATCH = YES;
				"CODE_SIGN_IDENTITY[sdk=iphoneos*]" = "iPhone Developer";
				COPY_PHASE_STRIP = NO;
				DEBUG_INFORMATION_FORMAT = "dwarf-with-dsym";
				ENABLE_NS_ASSERTIONS = NO;
				ENABLE_STRICT_OBJC_MSGSEND = YES;
				GCC_C_LANGUAGE_STANDARD = gnu99;
				GCC_NO_COMMON_BLOCKS = YES;
				GCC_WARN_64_TO_32_BIT_CONVERSION = YES;
				GCC_WARN_ABOUT_RETURN_TYPE = YES_ERROR;
				GCC_WARN_UNDECLARED_SELECTOR = YES;
				GCC_WARN_UNINITIALIZED_AUTOS = YES_AGGRESSIVE;
				GCC_WARN_UNUSED_FUNCTION = YES;
				GCC_WARN_UNUSED_VARIABLE = YES;
				IPHONEOS_DEPLOYMENT_TARGET = 9.3;
				MTL_ENABLE_DEBUG_INFO = NO;
				SDKROOT = iphoneos;
				TARGETED_DEVICE_FAMILY = "1,2";
				VALIDATE_PRODUCT = YES;
			};
			name = Release;
		};
		4474090C1D39BB6E005A5267 /* Debug */ = {
			isa = XCBuildConfiguration;
			buildSettings = {
				ASSETCATALOG_COMPILER_APPICON_NAME = AppIcon;
				INFOPLIST_FILE = FDCacheDemo/Info.plist;
				LD_RUNPATH_SEARCH_PATHS = "$(inherited) @executable_path/Frameworks";
				PRODUCT_BUNDLE_IDENTIFIER = FG.FDCacheDemo;
				PRODUCT_NAME = "$(TARGET_NAME)";
			};
			name = Debug;
		};
		4474090D1D39BB6E005A5267 /* Release */ = {
			isa = XCBuildConfiguration;
			buildSettings = {
				ASSETCATALOG_COMPILER_APPICON_NAME = AppIcon;
				INFOPLIST_FILE = FDCacheDemo/Info.plist;
				LD_RUNPATH_SEARCH_PATHS = "$(inherited) @executable_path/Frameworks";
				PRODUCT_BUNDLE_IDENTIFIER = FG.FDCacheDemo;
				PRODUCT_NAME = "$(TARGET_NAME)";
			};
			name = Release;
		};
		4474090F1D39BB6E005A5267 /* Debug */ = {
			isa = XCBuildConfiguration;
			buildSettings = {
				BUNDLE_LOADER = "$(TEST_HOST)";
				INFOPLIST_FILE = FDCacheDemoTests/Info.plist;
				LD_RUNPATH_SEARCH_PATHS = "$(inherited) @executable_path/Frameworks @loader_path/Frameworks";
				PRODUCT_BUNDLE_IDENTIFIER = FG.FDCacheDemoTests;
				PRODUCT_NAME = "$(TARGET_NAME)";
				TEST_HOST = "$(BUILT_PRODUCTS_DIR)/FDCacheDemo.app/FDCacheDemo";
			};
			name = Debug;
		};
		447409101D39BB6E005A5267 /* Release */ = {
			isa = XCBuildConfiguration;
			buildSettings = {
				BUNDLE_LOADER = "$(TEST_HOST)";
				INFOPLIST_FILE = FDCacheDemoTests/Info.plist;
				LD_RUNPATH_SEARCH_PATHS = "$(inherited) @executable_path/Frameworks @loader_path/Frameworks";
				PRODUCT_BUNDLE_IDENTIFIER = FG.FDCacheDemoTests;
				PRODUCT_NAME = "$(TARGET_NAME)";
				TEST_HOST = "$(BUILT_PRODUCTS_DIR)/FDCacheDemo.app/FDCacheDemo";
			};
			name = Release;
		};
		447409121D39BB6E005A5267 /* Debug */ = {
			isa = XCBuildConfiguration;
			buildSettings = {
				INFOPLIST_FILE = FDCacheDemoUITests/Info.plist;
				LD_RUNPATH_SEARCH_PATHS = "$(inherited) @executable_path/Frameworks @loader_path/Frameworks";
				PRODUCT_BUNDLE_IDENTIFIER = FG.FDCacheDemoUITests;
				PRODUCT_NAME = "$(TARGET_NAME)";
				TEST_TARGET_NAME = FDCacheDemo;
			};
			name = Debug;
		};
		447409131D39BB6E005A5267 /* Release */ = {
			isa = XCBuildConfiguration;
			buildSettings = {
				INFOPLIST_FILE = FDCacheDemoUITests/Info.plist;
				LD_RUNPATH_SEARCH_PATHS = "$(inherited) @executable_path/Frameworks @loader_path/Frameworks";
				PRODUCT_BUNDLE_IDENTIFIER = FG.FDCacheDemoUITests;
				PRODUCT_NAME = "$(TARGET_NAME)";
				TEST_TARGET_NAME = FDCacheDemo;
			};
			name = Release;
		};
/* End XCBuildConfiguration section */

/* Begin XCConfigurationList section */
		447408D91D39BB6E005A5267 /* Build configuration list for PBXProject "FDCacheDemo" */ = {
			isa = XCConfigurationList;
			buildConfigurations = (
				447409091D39BB6E005A5267 /* Debug */,
				4474090A1D39BB6E005A5267 /* Release */,
			);
			defaultConfigurationIsVisible = 0;
			defaultConfigurationName = Release;
		};
		4474090B1D39BB6E005A5267 /* Build configuration list for PBXNativeTarget "FDCacheDemo" */ = {
			isa = XCConfigurationList;
			buildConfigurations = (
				4474090C1D39BB6E005A5267 /* Debug */,
				4474090D1D39BB6E005A5267 /* Release */,
			);
			defaultConfigurationIsVisible = 0;
		};
		4474090E1D39BB6E005A5267 /* Build configuration list for PBXNativeTarget "FDCacheDemoTests" */ = {
			isa = XCConfigurationList;
			buildConfigurations = (
				4474090F1D39BB6E005A5267 /* Debug */,
				447409101D39BB6E005A5267 /* Release */,
			);
			defaultConfigurationIsVisible = 0;
		};
		447409111D39BB6E005A5267 /* Build configuration list for PBXNativeTarget "FDCacheDemoUITests" */ = {
			isa = XCConfigurationList;
			buildConfigurations = (
				447409121D39BB6E005A5267 /* Debug */,
				447409131D39BB6E005A5267 /* Release */,
			);
			defaultConfigurationIsVisible = 0;
		};
/* End XCConfigurationList section */
	};
	rootObject = 447408D61D39BB6E005A5267 /* Project object */;
}
